
Microsoft Visual Studio Solution File, Format Version 12.00
# Visual Studio 15
VisualStudioVersion = 15.0.27130.2027
MinimumVisualStudioVersion = 10.0.40219.1
Project("{FAE04EC0-301F-11D3-BF4B-00C04F79EFBC}") = "Core", "Core\Core.csproj", "{CAE5E84C-518E-420C-B0FE-5C035D85BC49}"
EndProject
Project("{FAE04EC0-301F-11D3-BF4B-00C04F79EFBC}") = "Engine", "Engine\Engine.csproj", "{6B685C13-E0BC-4019-85EA-64BA7F41D0D2}"
EndProject
Project("{FAE04EC0-301F-11D3-BF4B-00C04F79EFBC}") = "Graphics", "Graphics\Graphics.csproj", "{7744D1FC-270F-4D28-B240-F21B85CEEA3A}"
EndProject
Project("{FAE04EC0-301F-11D3-BF4B-00C04F79EFBC}") = "Interface", "Interface\Interface.csproj", "{26E7F8AD-F4B3-4EA9-84AA-2645D36DF708}"
EndProject
Project("{FAE04EC0-301F-11D3-BF4B-00C04F79EFBC}") = "Security", "Security\Security.csproj", "{1FBFAD04-2D96-48AE-A15B-440D26A38472}"
EndProject
Project("{FAE04EC0-301F-11D3-BF4B-00C04F79EFBC}") = "Test", "Test\Test.csproj", "{7BD8E88B-CB0E-4387-B4D6-AB8A7EBE225C}"
EndProject
Global
	GlobalSection(SolutionConfigurationPlatforms) = preSolution
		Debug|Any CPU = Debug|Any CPU
		Release|Any CPU = Release|Any CPU
	EndGlobalSection
	GlobalSection(ProjectConfigurationPlatforms) = postSolution
		{CAE5E84C-518E-420C-B0FE-5C035D85BC49}.Debug|Any CPU.ActiveCfg = Debug|Any CPU
		{CAE5E84C-518E-420C-B0FE-5C035D85BC49}.Debug|Any CPU.Build.0 = Debug|Any CPU
		{CAE5E84C-518E-420C-B0FE-5C035D85BC49}.Release|Any CPU.ActiveCfg = Release|Any CPU
		{CAE5E84C-518E-420C-B0FE-5C035D85BC49}.Release|Any CPU.Build.0 = Release|Any CPU
		{6B685C13-E0BC-4019-85EA-64BA7F41D0D2}.Debug|Any CPU.ActiveCfg = Debug|Any CPU
		{6B685C13-E0BC-4019-85EA-64BA7F41D0D2}.Debug|Any CPU.Build.0 = Debug|Any CPU
		{6B685C13-E0BC-4019-85EA-64BA7F41D0D2}.Release|Any CPU.ActiveCfg = Release|Any CPU
		{6B685C13-E0BC-4019-85EA-64BA7F41D0D2}.Release|Any CPU.Build.0 = Release|Any CPU
		{7744D1FC-270F-4D28-B240-F21B85CEEA3A}.Debug|Any CPU.ActiveCfg = Debug|Any CPU
		{7744D1FC-270F-4D28-B240-F21B85CEEA3A}.Debug|Any CPU.Build.0 = Debug|Any CPU
		{7744D1FC-270F-4D28-B240-F21B85CEEA3A}.Release|Any CPU.ActiveCfg = Release|Any CPU
		{7744D1FC-270F-4D28-B240-F21B85CEEA3A}.Release|Any CPU.Build.0 = Release|Any CPU
		{26E7F8AD-F4B3-4EA9-84AA-2645D36DF708}.Debug|Any CPU.ActiveCfg = Debug|Any CPU
		{26E7F8AD-F4B3-4EA9-84AA-2645D36DF708}.Debug|Any CPU.Build.0 = Debug|Any CPU
		{26E7F8AD-F4B3-4EA9-84AA-2645D36DF708}.Release|Any CPU.ActiveCfg = Release|Any CPU
		{26E7F8AD-F4B3-4EA9-84AA-2645D36DF708}.Release|Any CPU.Build.0 = Release|Any CPU
		{1FBFAD04-2D96-48AE-A15B-440D26A38472}.Debug|Any CPU.ActiveCfg = Debug|Any CPU
		{1FBFAD04-2D96-48AE-A15B-440D26A38472}.Debug|Any CPU.Build.0 = Debug|Any CPU
		{1FBFAD04-2D96-48AE-A15B-440D26A38472}.Release|Any CPU.ActiveCfg = Release|Any CPU
		{1FBFAD04-2D96-48AE-A15B-440D26A38472}.Release|Any CPU.Build.0 = Release|Any CPU
		{7BD8E88B-CB0E-4387-B4D6-AB8A7EBE225C}.Debug|Any CPU.ActiveCfg = Debug|Any CPU
		{7BD8E88B-CB0E-4387-B4D6-AB8A7EBE225C}.Debug|Any CPU.Build.0 = Debug|Any CPU
		{7BD8E88B-CB0E-4387-B4D6-AB8A7EBE225C}.Release|Any CPU.ActiveCfg = Release|Any CPU
		{7BD8E88B-CB0E-4387-B4D6-AB8A7EBE225C}.Release|Any CPU.Build.0 = Release|Any CPU
	EndGlobalSection
	GlobalSection(SolutionProperties) = preSolution
		HideSolutionNode = FALSE
	EndGlobalSection
	GlobalSection(ExtensibilityGlobals) = postSolution
		SolutionGuid = {49ED55D9-5647-4443-AC1A-9AC0C969EE92}
	EndGlobalSection
EndGlobal
